// !$*UTF8*$!
{
	archiveVersion = 1;
	classes = {
	};
	objectVersion = 48;
	objects = {

/* Begin PBXBuildFile section */
		CD67DF1C206CC277004DDFDF /* AppDelegate.swift in Sources */ = {isa = PBXBuildFile; fileRef = CD67DF1B206CC277004DDFDF /* AppDelegate.swift */; };
		CD67DF1E206CC277004DDFDF /* ViewController.swift in Sources */ = {isa = PBXBuildFile; fileRef = CD67DF1D206CC277004DDFDF /* ViewController.swift */; };
		CD67DF21206CC277004DDFDF /* Main.storyboard in Resources */ = {isa = PBXBuildFile; fileRef = CD67DF1F206CC277004DDFDF /* Main.storyboard */; };
		CD67DF23206CC277004DDFDF /* Assets.xcassets in Resources */ = {isa = PBXBuildFile; fileRef = CD67DF22206CC277004DDFDF /* Assets.xcassets */; };
		CD67DF26206CC277004DDFDF /* LaunchScreen.storyboard in Resources */ = {isa = PBXBuildFile; fileRef = CD67DF24206CC277004DDFDF /* LaunchScreen.storyboard */; };
/* End PBXBuildFile section */

/* Begin PBXFileReference section */
		CD67DF18206CC277004DDFDF /* ４７ＨＷ１.app */ = {isa = PBXFileReference; explicitFileType = wrapper.application; includeInIndex = 0; path = "４７ＨＷ１.app"; sourceTree = BUILT_PRODUCTS_DIR; };
		CD67DF1B206CC277004DDFDF /* AppDelegate.swift */ = {isa = PBXFileReference; lastKnownFileType = sourcecode.swift; path = AppDelegate.swift; sourceTree = "<group>"; };
		CD67DF1D206CC277004DDFDF /* ViewController.swift */ = {isa = PBXFileReference; lastKnownFileType = sourcecode.swift; path = ViewController.swift; sourceTree = "<group>"; };
		CD67DF20206CC277004DDFDF /* Base */ = {isa = PBXFileReference; lastKnownFileType = file.storyboard; name = Base; path = Base.lproj/Main.storyboard; sourceTree = "<group>"; };
		CD67DF22206CC277004DDFDF /* Assets.xcassets */ = {isa = PBXFileReference; lastKnownFileType = folder.assetcatalog; path = Assets.xcassets; sourceTree = "<group>"; };
		CD67DF25206CC277004DDFDF /* Base */ = {isa = PBXFileReference; lastKnownFileType = file.storyboard; name = Base; path = Base.lproj/LaunchScreen.storyboard; sourceTree = "<group>"; };
		CD67DF27206CC277004DDFDF /* Info.plist */ = {isa = PBXFileReference; lastKnownFileType = text.plist.xml; path = Info.plist; sourceTree = "<group>"; };
/* End PBXFileReference section */

/* Begin PBXFrameworksBuildPhase section */
		CD67DF15206CC277004DDFDF /* Frameworks */ = {
			isa = PBXFrameworksBuildPhase;
			buildActionMask = 2147483647;
			files = (
			);
			runOnlyForDeploymentPostprocessing = 0;
		};
/* End PBXFrameworksBuildPhase section */

/* Begin PBXGroup section */
		CD67DF0F206CC277004DDFDF = {
			isa = PBXGroup;
			children = (
				CD67DF1A206CC277004DDFDF /* ４７ＨＷ１ */,
				CD67DF19206CC277004DDFDF /* Products */,
			);
			sourceTree = "<group>";
		};
		CD67DF19206CC277004DDFDF /* Products */ = {
			isa = PBXGroup;
			children = (
				CD67DF18206CC277004DDFDF /* ４７ＨＷ１.app */,
			);
			name = Products;
			sourceTree = "<group>";
		};
		CD67DF1A206CC277004DDFDF /* ４７ＨＷ１ */ = {
			isa = PBXGroup;
			children = (
				CD67DF1B206CC277004DDFDF /* AppDelegate.swift */,
				CD67DF1D206CC277004DDFDF /* ViewController.swift */,
				CD67DF1F206CC277004DDFDF /* Main.storyboard */,
				CD67DF22206CC277004DDFDF /* Assets.xcassets */,
				CD67DF24206CC277004DDFDF /* LaunchScreen.storyboard */,
				CD67DF27206CC277004DDFDF /* Info.plist */,
			);
			path = "４７ＨＷ１";
			sourceTree = "<group>";
		};
/* End PBXGroup section */

/* Begin PBXNativeTarget section */
		CD67DF17206CC277004DDFDF /* ４７ＨＷ１ */ = {
			isa = PBXNativeTarget;
			buildConfigurationList = CD67DF2A206CC277004DDFDF /* Build configuration list for PBXNativeTarget "４７ＨＷ１" */;
			buildPhases = (
				CD67DF14206CC277004DDFDF /* Sources */,
				CD67DF15206CC277004DDFDF /* Frameworks */,
				CD67DF16206CC277004DDFDF /* Resources */,
			);
			buildRules = (
			);
			dependencies = (
			);
			name = "４７ＨＷ１";
			productName = "４７ＨＷ１";
			productReference = CD67DF18206CC277004DDFDF /* ４７ＨＷ１.app */;
			productType = "com.apple.product-type.application";
		};
/* End PBXNativeTarget section */

/* Begin PBXProject section */
		CD67DF10206CC277004DDFDF /* Project object */ = {
			isa = PBXProject;
			attributes = {
				LastSwiftUpdateCheck = 0920;
				LastUpgradeCheck = 0920;
				ORGANIZATIONNAME = ios;
				TargetAttributes = {
					CD67DF17206CC277004DDFDF = {
						CreatedOnToolsVersion = 9.2;
						ProvisioningStyle = Automatic;
					};
				};
			};
			buildConfigurationList = CD67DF13206CC277004DDFDF /* Build configuration list for PBXProject "４７ＨＷ１" */;
			compatibilityVersion = "Xcode 8.0";
			developmentRegion = en;
			hasScannedForEncodings = 0;
			knownRegions = (
				en,
				Base,
			);
			mainGroup = CD67DF0F206CC277004DDFDF;
			productRefGroup = CD67DF19206CC277004DDFDF /* Products */;
			projectDirPath = "";
			projectRoot = "";
			targets = (
				CD67DF17206CC277004DDFDF /* ４７ＨＷ１ */,
			);
		};
/* End PBXProject section */

/* Begin PBXResourcesBuildPhase section */
		CD67DF16206CC277004DDFDF /* Resources */ = {
			isa = PBXResourcesBuildPhase;
			buildActionMask = 2147483647;
			files = (
				CD67DF26206CC277004DDFDF /* LaunchScreen.storyboard in Resources */,
				CD67DF23206CC277004DDFDF /* Assets.xcassets in Resources */,
				CD67DF21206CC277004DDFDF /* Main.storyboard in Resources */,
			);
			runOnlyForDeploymentPostprocessing = 0;
		};
/* End PBXResourcesBuildPhase section */

/* Begin PBXSourcesBuildPhase section */
		CD67DF14206CC277004DDFDF /* Sources */ = {
			isa = PBXSourcesBuildPhase;
			buildActionMask = 2147483647;
			files = (
				CD67DF1E206CC277004DDFDF /* ViewController.swift in Sources */,
				CD67DF1C206CC277004DDFDF /* AppDelegate.swift in Sources */,
			);
			runOnlyForDeploymentPostprocessing = 0;
		};
/* End PBXSourcesBuildPhase section */

/* Begin PBXVariantGroup section */
		CD67DF1F206CC277004DDFDF /* Main.storyboard */ = {
			isa = PBXVariantGroup;
			children = (
				CD67DF20206CC277004DDFDF /* Base */,
			);
			name = Main.storyboard;
			sourceTree = "<group>";
		};
		CD67DF24206CC277004DDFDF /* LaunchScreen.storyboard */ = {
			isa = PBXVariantGroup;
			children = (
				CD67DF25206CC277004DDFDF /* Base */,
			);
			name = LaunchScreen.storyboard;
			sourceTree = "<group>";
		};
/* End PBXVariantGroup section */

/* Begin XCBuildConfiguration section */
		CD67DF28206CC277004DDFDF /* Debug */ = {
			isa = XCBuildConfiguration;
			buildSettings = {
				ALWAYS_SEARCH_USER_PATHS = NO;
				CLANG_ANALYZER_NONNULL = YES;
				CLANG_ANALYZER_NUMBER_OBJECT_CONVERSION = YES_AGGRESSIVE;
				CLANG_CXX_LANGUAGE_STANDARD = "gnu++14";
				CLANG_CXX_LIBRARY = "libc++";
				CLANG_ENABLE_MODULES = YES;
				CLANG_ENABLE_OBJC_ARC = YES;
				CLANG_WARN_BLOCK_CAPTURE_AUTORELEASING = YES;
				CLANG_WARN_BOOL_CONVERSION = YES;
				CLANG_WARN_COMMA = YES;
				CLANG_WARN_CONSTANT_CONVERSION = YES;
				CLANG_WARN_DIRECT_OBJC_ISA_USAGE = YES_ERROR;
				CLANG_WARN_DOCUMENTATION_COMMENTS = YES;
				CLANG_WARN_EMPTY_BODY = YES;
				CLANG_WARN_ENUM_CONVERSION = YES;
				CLANG_WARN_INFINITE_RECURSION = YES;
				CLANG_WARN_INT_CONVERSION = YES;
				CLANG_WARN_NON_LITERAL_NULL_CONVERSION = YES;
				CLANG_WARN_OBJC_LITERAL_CONVERSION = YES;
				CLANG_WARN_OBJC_ROOT_CLASS = YES_ERROR;
				CLANG_WARN_RANGE_LOOP_ANALYSIS = YES;
				CLANG_WARN_STRICT_PROTOTYPES = YES;
				CLANG_WARN_SUSPICIOUS_MOVE = YES;
				CLANG_WARN_UNGUARDED_AVAILABILITY = YES_AGGRESSIVE;
				CLANG_WARN_UNREACHABLE_CODE = YES;
				CLANG_WARN__DUPLICATE_METHOD_MATCH = YES;
				CODE_SIGN_IDENTITY = "iPhone Developer";
				COPY_PHASE_STRIP = NO;
				DEBUG_INFORMATION_FORMAT = dwarf;
				ENABLE_STRICT_OBJC_MSGSEND = YES;
				ENABLE_TESTABILITY = YES;
				GCC_C_LANGUAGE_STANDARD = gnu11;
				GCC_DYNAMIC_NO_PIC = NO;
				GCC_NO_COMMON_BLOCKS = YES;
				GCC_OPTIMIZATION_LEVEL = 0;
				GCC_PREPROCESSOR_DEFINITIONS = (
					"DEBUG=1",
					"$(inherited)",
				);
				GCC_WARN_64_TO_32_BIT_CONVERSION = YES;
				GCC_WARN_ABOUT_RETURN_TYPE = YES_ERROR;
				GCC_WARN_UNDECLARED_SELECTOR = YES;
				GCC_WARN_UNINITIALIZED_AUTOS = YES_AGGRESSIVE;
				GCC_WARN_UNUSED_FUNCTION = YES;
				GCC_WARN_UNUSED_VARIABLE = YES;
				IPHONEOS_DEPLOYMENT_TARGET = 11.2;
				MTL_ENABLE_DEBUG_INFO = YES;
				ONLY_ACTIVE_ARCH = YES;
				SDKROOT = iphoneos;
				SWIFT_ACTIVE_COMPILATION_CONDITIONS = DEBUG;
				SWIFT_OPTIMIZATION_LEVEL = "-Onone";
			};
			name = Debug;
		};
		CD67DF29206CC277004DDFDF /* Release */ = {
			isa = XCBuildConfiguration;
			buildSettings = {
				ALWAYS_SEARCH_USER_PATHS = NO;
				CLANG_ANALYZER_NONNULL = YES;
				CLANG_ANALYZER_NUMBER_OBJECT_CONVERSION = YES_AGGRESSIVE;
				CLANG_CXX_LANGUAGE_STANDARD = "gnu++14";
				CLANG_CXX_LIBRARY = "libc++";
				CLANG_ENABLE_MODULES = YES;
				CLANG_ENABLE_OBJC_ARC = YES;
				CLANG_WARN_BLOCK_CAPTURE_AUTORELEASING = YES;
				CLANG_WARN_BOOL_CONVERSION = YES;
				CLANG_WARN_COMMA = YES;
				CLANG_WARN_CONSTANT_CONVERSION = YES;
				CLANG_WARN_DIRECT_OBJC_ISA_USAGE = YES_ERROR;
				CLANG_WARN_DOCUMENTATION_COMMENTS = YES;
				CLANG_WARN_EMPTY_BODY = YES;
				CLANG_WARN_ENUM_CONVERSION = YES;
				CLANG_WARN_INFINITE_RECURSION = YES;
				CLANG_WARN_INT_CONVERSION = YES;
				CLANG_WARN_NON_LITERAL_NULL_CONVERSION = YES;
				CLANG_WARN_OBJC_LITERAL_CONVERSION = YES;
				CLANG_WARN_OBJC_ROOT_CLASS = YES_ERROR;
				CLANG_WARN_RANGE_LOOP_ANALYSIS = YES;
				CLANG_WARN_STRICT_PROTOTYPES = YES;
				CLANG_WARN_SUSPICIOUS_MOVE = YES;
				CLANG_WARN_UNGUARDED_AVAILABILITY = YES_AGGRESSIVE;
				CLANG_WARN_UNREACHABLE_CODE = YES;
				CLANG_WARN__DUPLICATE_METHOD_MATCH = YES;
				CODE_SIGN_IDENTITY = "iPhone Developer";
				COPY_PHASE_STRIP = NO;
				DEBUG_INFORMATION_FORMAT = "dwarf-with-dsym";
				ENABLE_NS_ASSERTIONS = NO;
				ENABLE_STRICT_OBJC_MSGSEND = YES;
				GCC_C_LANGUAGE_STANDARD = gnu11;
				GCC_NO_COMMON_BLOCKS = YES;
				GCC_WARN_64_TO_32_BIT_CONVERSION = YES;
				GCC_WARN_ABOUT_RETURN_TYPE = YES_ERROR;
				GCC_WARN_UNDECLARED_SELECTOR = YES;
				GCC_WARN_UNINITIALIZED_AUTOS = YES_AGGRESSIVE;
				GCC_WARN_UNUSED_FUNCTION = YES;
				GCC_WARN_UNUSED_VARIABLE = YES;
				IPHONEOS_DEPLOYMENT_TARGET = 11.2;
				MTL_ENABLE_DEBUG_INFO = NO;
				SDKROOT = iphoneos;
				SWIFT_OPTIMIZATION_LEVEL = "-Owholemodule";
				VALIDATE_PRODUCT = YES;
			};
			name = Release;
		};
		CD67DF2B206CC277004DDFDF /* Debug */ = {
			isa = XCBuildConfiguration;
			buildSettings = {
				ASSETCATALOG_COMPILER_APPICON_NAME = AppIcon;
				CODE_SIGN_STYLE = Automatic;
				INFOPLIST_FILE = "４７ＨＷ１/Info.plist";
				LD_RUNPATH_SEARCH_PATHS = "$(inherited) @executable_path/Frameworks";
				PRODUCT_BUNDLE_IDENTIFIER = "ntou.-----";
				PRODUCT_NAME = "$(TARGET_NAME)";
				SWIFT_VERSION = 4.0;
				TARGETED_DEVICE_FAMILY = "1,2";
			};
			name = Debug;
		};
		CD67DF2C206CC277004DDFDF /* Release */ = {
			isa = XCBuildConfiguration;
			buildSettings = {
				ASSETCATALOG_COMPILER_APPICON_NAME = AppIcon;
				CODE_SIGN_STYLE = Automatic;
				INFOPLIST_FILE = "４７ＨＷ１/Info.plist";
				LD_RUNPATH_SEARCH_PATHS = "$(inherited) @executable_path/Frameworks";
				PRODUCT_BUNDLE_IDENTIFIER = "ntou.-----";
				PRODUCT_NAME = "$(TARGET_NAME)";
				SWIFT_VERSION = 4.0;
				TARGETED_DEVICE_FAMILY = "1,2";
			};
			name = Release;
		};
/* End XCBuildConfiguration section */

/* Begin XCConfigurationList section */
		CD67DF13206CC277004DDFDF /* Build configuration list for PBXProject "４７ＨＷ１" */ = {
			isa = XCConfigurationList;
			buildConfigurations = (
				CD67DF28206CC277004DDFDF /* Debug */,
				CD67DF29206CC277004DDFDF /* Release */,
			);
			defaultConfigurationIsVisible = 0;
			defaultConfigurationName = Release;
		};
		CD67DF2A206CC277004DDFDF /* Build configuration list for PBXNativeTarget "４７ＨＷ１" */ = {
			isa = XCConfigurationList;
			buildConfigurations = (
				CD67DF2B206CC277004DDFDF /* Debug */,
				CD67DF2C206CC277004DDFDF /* Release */,
			);
			defaultConfigurationIsVisible = 0;
			defaultConfigurationName = Release;
		};
/* End XCConfigurationList section */
	};
	rootObject = CD67DF10206CC277004DDFDF /* Project object */;
}
